{
  "name": "cc2145a2fe1558fa",
  "lockfileVersion": 3,
  "requires": true,
  "packages": {
    "": {
      "dependencies": {
        "create-next-app": "^15.5.3"
      }
    },
    "node_modules/create-next-app": {
      "version": "15.5.3",
      "resolved": "https://registry.npmmirror.com/create-next-app/-/create-next-app-15.5.3.tgz",
      "integrity": "sha512-X+O6VpE2TM4tx+aeJQb7ZDNkBOweFWvap32YQ7GMufhRWPliImfFFIgiGQsQqct8jnif6UmSOxy4SRAkgr6Y7A==",
      "bin": {
        "create-next-app": "dist/index.js"
      },
      "engines": {
        "node": ">=18.18.0"
      }
    }
  }
}
